{
  "requires": true,
  "lockfileVersion": 1,
  "dependencies": {
    "primeicons": {
      "version": "1.0.0",
      "resolved": "https://registry.npmjs.org/primeicons/-/primeicons-1.0.0.tgz",
      "integrity": "sha512-p/hzIjUVccW4eJPhuORHI3AUkDpqfvCQVrjxbFEejnTEdWY4C8fomVfjiaA9jCu83fSQnBHuRIGB96iAR8R6uA=="
    },
    "primeng": {
      "version": "7.1.1",
      "resolved": "https://registry.npmjs.org/primeng/-/primeng-7.1.1.tgz",
      "integrity": "sha512-kCFGQ44ngaxOSGYVBPW0WsciVjkkyRP9PazTTG72CV5kI2P1KK9d5OgLHAAle7xy4nnNcHKKO+nvNz9h72tpsw=="
    }
  }
}
